
Microsoft Visual Studio Solution File, Format Version 12.00
# Visual Studio Version 16
VisualStudioVersion = 16.0.30907.101
MinimumVisualStudioVersion = 10.0.40219.1
Project("{FAE04EC0-301F-11D3-BF4B-00C04F79EFBC}") = "ClassLibrary2", "ClassLibrary2\ClassLibrary2.csproj", "{6CF0262C-A9BD-4EEE-BD8D-DBB915415DDD}"
EndProject
Project("{FAE04EC0-301F-11D3-BF4B-00C04F79EFBC}") = "APITests", "UnitTestProject1\APITests.csproj", "{0CBF007B-40EC-4664-B96D-9A69462695B2}"
EndProject
Global
	GlobalSection(SolutionConfigurationPlatforms) = preSolution
		Debug|Any CPU = Debug|Any CPU
		Release|Any CPU = Release|Any CPU
	EndGlobalSection
	GlobalSection(ProjectConfigurationPlatforms) = postSolution
		{6CF0262C-A9BD-4EEE-BD8D-DBB915415DDD}.Debug|Any CPU.ActiveCfg = Debug|Any CPU
		{6CF0262C-A9BD-4EEE-BD8D-DBB915415DDD}.Debug|Any CPU.Build.0 = Debug|Any CPU
		{6CF0262C-A9BD-4EEE-BD8D-DBB915415DDD}.Release|Any CPU.ActiveCfg = Release|Any CPU
		{6CF0262C-A9BD-4EEE-BD8D-DBB915415DDD}.Release|Any CPU.Build.0 = Release|Any CPU
		{0CBF007B-40EC-4664-B96D-9A69462695B2}.Debug|Any CPU.ActiveCfg = Debug|Any CPU
		{0CBF007B-40EC-4664-B96D-9A69462695B2}.Debug|Any CPU.Build.0 = Debug|Any CPU
		{0CBF007B-40EC-4664-B96D-9A69462695B2}.Release|Any CPU.ActiveCfg = Release|Any CPU
		{0CBF007B-40EC-4664-B96D-9A69462695B2}.Release|Any CPU.Build.0 = Release|Any CPU
	EndGlobalSection
	GlobalSection(SolutionProperties) = preSolution
		HideSolutionNode = FALSE
	EndGlobalSection
	GlobalSection(ExtensibilityGlobals) = postSolution
		SolutionGuid = {CD6C937A-A0E0-496D-954A-93EC68828193}
	EndGlobalSection
EndGlobal
